
Microsoft Visual Studio Solution File, Format Version 12.00
# Visual Studio Version 16
VisualStudioVersion = 16.0.31624.102
MinimumVisualStudioVersion = 10.0.40219.1
Project("{9A19103F-16F7-4668-BE54-9A1E7A4F7556}") = "AssignmentApp", "AssignmentApp\AssignmentApp.csproj", "{81225B69-3513-417D-8FBE-EDEAEE8C6F97}"
EndProject
Project("{9A19103F-16F7-4668-BE54-9A1E7A4F7556}") = "AssignmentApp.Data.Model", "Assignment.Data.Model\AssignmentApp.Data.Model.csproj", "{98DE5064-99AB-40E4-8665-11B844E36752}"
EndProject
Project("{9A19103F-16F7-4668-BE54-9A1E7A4F7556}") = "AssignmentApp.Data.Repository", "Assignment.Data.Repository\AssignmentApp.Data.Repository.csproj", "{0D1D6233-F6CB-4575-B7E6-13D60EC0BA96}"
EndProject
Global
	GlobalSection(SolutionConfigurationPlatforms) = preSolution
		Debug|Any CPU = Debug|Any CPU
		Release|Any CPU = Release|Any CPU
	EndGlobalSection
	GlobalSection(ProjectConfigurationPlatforms) = postSolution
		{81225B69-3513-417D-8FBE-EDEAEE8C6F97}.Debug|Any CPU.ActiveCfg = Debug|Any CPU
		{81225B69-3513-417D-8FBE-EDEAEE8C6F97}.Debug|Any CPU.Build.0 = Debug|Any CPU
		{81225B69-3513-417D-8FBE-EDEAEE8C6F97}.Release|Any CPU.ActiveCfg = Release|Any CPU
		{81225B69-3513-417D-8FBE-EDEAEE8C6F97}.Release|Any CPU.Build.0 = Release|Any CPU
		{98DE5064-99AB-40E4-8665-11B844E36752}.Debug|Any CPU.ActiveCfg = Debug|Any CPU
		{98DE5064-99AB-40E4-8665-11B844E36752}.Debug|Any CPU.Build.0 = Debug|Any CPU
		{98DE5064-99AB-40E4-8665-11B844E36752}.Release|Any CPU.ActiveCfg = Release|Any CPU
		{98DE5064-99AB-40E4-8665-11B844E36752}.Release|Any CPU.Build.0 = Release|Any CPU
		{0D1D6233-F6CB-4575-B7E6-13D60EC0BA96}.Debug|Any CPU.ActiveCfg = Debug|Any CPU
		{0D1D6233-F6CB-4575-B7E6-13D60EC0BA96}.Debug|Any CPU.Build.0 = Debug|Any CPU
		{0D1D6233-F6CB-4575-B7E6-13D60EC0BA96}.Release|Any CPU.ActiveCfg = Release|Any CPU
		{0D1D6233-F6CB-4575-B7E6-13D60EC0BA96}.Release|Any CPU.Build.0 = Release|Any CPU
	EndGlobalSection
	GlobalSection(SolutionProperties) = preSolution
		HideSolutionNode = FALSE
	EndGlobalSection
	GlobalSection(ExtensibilityGlobals) = postSolution
		SolutionGuid = {642B104F-31F8-4DFE-A529-B8F9DE68052A}
	EndGlobalSection
EndGlobal
